
Microsoft Visual Studio Solution File, Format Version 12.00
# Visual Studio 15
VisualStudioVersion = 15.0.28307.572
MinimumVisualStudioVersion = 10.0.40219.1
Project("{FAE04EC0-301F-11D3-BF4B-00C04F79EFBC}") = "FunFair.Trulioo.Client", "FunFair.Trulioo.Client\FunFair.Trulioo.Client.csproj", "{6A837DA2-68B0-46BB-81EB-66A36EB5009F}"
EndProject
Project("{2150E333-8FDC-42A3-9474-1A3956D46DE8}") = "Config", "Config", "{B6DAE488-07C6-438F-BC77-257F39367406}"
ProjectSection(SolutionItems) = preProject
	CodeAnalysis.ruleset = CodeAnalysis.ruleset
	global.json = global.json
EndProjectSection
EndProject
Project("{FAE04EC0-301F-11D3-BF4B-00C04F79EFBC}") = "FunFair.Trulioo.Client.Tests", "FunFair.Trulioo.Client.Tests\FunFair.Trulioo.Client.Tests.csproj", "{1B0FF04F-4A4E-4321-A4A2-C02E5425217E}"
EndProject
Global
	GlobalSection(SolutionConfigurationPlatforms) = preSolution
		Debug|Any CPU = Debug|Any CPU
		Release|Any CPU = Release|Any CPU
	EndGlobalSection
	GlobalSection(ProjectConfigurationPlatforms) = postSolution
		{6A837DA2-68B0-46BB-81EB-66A36EB5009F}.Debug|Any CPU.ActiveCfg = Debug|Any CPU
		{6A837DA2-68B0-46BB-81EB-66A36EB5009F}.Debug|Any CPU.Build.0 = Debug|Any CPU
		{6A837DA2-68B0-46BB-81EB-66A36EB5009F}.Release|Any CPU.ActiveCfg = Release|Any CPU
		{6A837DA2-68B0-46BB-81EB-66A36EB5009F}.Release|Any CPU.Build.0 = Release|Any CPU
		{1B0FF04F-4A4E-4321-A4A2-C02E5425217E}.Debug|Any CPU.ActiveCfg = Debug|Any CPU
		{1B0FF04F-4A4E-4321-A4A2-C02E5425217E}.Debug|Any CPU.Build.0 = Debug|Any CPU
		{1B0FF04F-4A4E-4321-A4A2-C02E5425217E}.Release|Any CPU.ActiveCfg = Release|Any CPU
		{1B0FF04F-4A4E-4321-A4A2-C02E5425217E}.Release|Any CPU.Build.0 = Release|Any CPU
	EndGlobalSection
	GlobalSection(SolutionProperties) = preSolution
		HideSolutionNode = FALSE
	EndGlobalSection
	GlobalSection(ExtensibilityGlobals) = postSolution
		SolutionGuid = {79595F7D-A7A1-4A26-AD23-11FE8A4C610B}
	EndGlobalSection
EndGlobal
